// !$*UTF8*$!
{
	archiveVersion = 1;
	classes = {
	};
	objectVersion = 56;
	objects = {

/* Begin PBXBuildFile section */
		9F116C702AC1825E0071ED86 /* SearchResultsController.swift in Sources */ = {isa = PBXBuildFile; fileRef = 9F116C6F2AC1825E0071ED86 /* SearchResultsController.swift */; };
		9F3785022AAB7270003C97CE /* AppDelegate.swift in Sources */ = {isa = PBXBuildFile; fileRef = 9F3785012AAB7270003C97CE /* AppDelegate.swift */; };
		9F3785042AAB7270003C97CE /* SceneDelegate.swift in Sources */ = {isa = PBXBuildFile; fileRef = 9F3785032AAB7270003C97CE /* SceneDelegate.swift */; };
		9F3785062AAB7270003C97CE /* MainTabBarVC.swift in Sources */ = {isa = PBXBuildFile; fileRef = 9F3785052AAB7270003C97CE /* MainTabBarVC.swift */; };
		9F37850B2AAB7279003C97CE /* Assets.xcassets in Resources */ = {isa = PBXBuildFile; fileRef = 9F37850A2AAB7279003C97CE /* Assets.xcassets */; };
		9F37850E2AAB7279003C97CE /* LaunchScreen.storyboard in Resources */ = {isa = PBXBuildFile; fileRef = 9F37850C2AAB7279003C97CE /* LaunchScreen.storyboard */; };
		9F3785172AAB7389003C97CE /* HomeVC.swift in Sources */ = {isa = PBXBuildFile; fileRef = 9F3785162AAB7389003C97CE /* HomeVC.swift */; };
		9F3785192AAB73A4003C97CE /* UpcomingVC.swift in Sources */ = {isa = PBXBuildFile; fileRef = 9F3785182AAB73A4003C97CE /* UpcomingVC.swift */; };
		9F37851B2AAB73C0003C97CE /* SearchVC.swift in Sources */ = {isa = PBXBuildFile; fileRef = 9F37851A2AAB73C0003C97CE /* SearchVC.swift */; };
		9F37851D2AAB73D3003C97CE /* DownloadsVC.swift in Sources */ = {isa = PBXBuildFile; fileRef = 9F37851C2AAB73D3003C97CE /* DownloadsVC.swift */; };
		9F3785242AB2A811003C97CE /* CollectionViewTableViewCell.swift in Sources */ = {isa = PBXBuildFile; fileRef = 9F3785232AB2A811003C97CE /* CollectionViewTableViewCell.swift */; };
		9F3785262AB5AFD9003C97CE /* HeroHeaderUIView.swift in Sources */ = {isa = PBXBuildFile; fileRef = 9F3785252AB5AFD9003C97CE /* HeroHeaderUIView.swift */; };
		9F3785282AB9FAC9003C97CE /* APICaller.swift in Sources */ = {isa = PBXBuildFile; fileRef = 9F3785272AB9FAC9003C97CE /* APICaller.swift */; };
		9F37852A2ABC89FD003C97CE /* Title.swift in Sources */ = {isa = PBXBuildFile; fileRef = 9F3785292ABC89FD003C97CE /* Title.swift */; };
		9F37852C2ABCB0DE003C97CE /* Extensions.swift in Sources */ = {isa = PBXBuildFile; fileRef = 9F37852B2ABCB0DE003C97CE /* Extensions.swift */; };
		9F3785302ABD5BA9003C97CE /* TitleCollectionViewCell.swift in Sources */ = {isa = PBXBuildFile; fileRef = 9F37852F2ABD5BA9003C97CE /* TitleCollectionViewCell.swift */; };
		9F3785332ABD5D7C003C97CE /* SDWebImage in Frameworks */ = {isa = PBXBuildFile; productRef = 9F3785322ABD5D7C003C97CE /* SDWebImage */; };
		9F3785352ABD5D7C003C97CE /* SDWebImageMapKit in Frameworks */ = {isa = PBXBuildFile; productRef = 9F3785342ABD5D7C003C97CE /* SDWebImageMapKit */; };
		9F3785372AC01AD4003C97CE /* TitleTableViewCell.swift in Sources */ = {isa = PBXBuildFile; fileRef = 9F3785362AC01AD4003C97CE /* TitleTableViewCell.swift */; };
		9F3785392AC01EE9003C97CE /* TitleViewModel.swift in Sources */ = {isa = PBXBuildFile; fileRef = 9F3785382AC01EE9003C97CE /* TitleViewModel.swift */; };
		9F7047D92AC41FD000DE26CA /* YoutubeSearchResponse.swift in Sources */ = {isa = PBXBuildFile; fileRef = 9F7047D82AC41FD000DE26CA /* YoutubeSearchResponse.swift */; };
		9F7047DD2AC4382B00DE26CA /* TitlePreviewVC.swift in Sources */ = {isa = PBXBuildFile; fileRef = 9F7047DC2AC4382B00DE26CA /* TitlePreviewVC.swift */; };
		9F7047DF2AC43D0B00DE26CA /* TitlePreviewViewModel.swift in Sources */ = {isa = PBXBuildFile; fileRef = 9F7047DE2AC43D0B00DE26CA /* TitlePreviewViewModel.swift */; };
		9F83F5F22AC6D6F4006619D5 /* NetflixAppModel.xcdatamodeld in Sources */ = {isa = PBXBuildFile; fileRef = 9F83F5F02AC6D6F4006619D5 /* NetflixAppModel.xcdatamodeld */; };
		9F83F5F42AC6DAF4006619D5 /* DataPersistenceManager.swift in Sources */ = {isa = PBXBuildFile; fileRef = 9F83F5F32AC6DAF4006619D5 /* DataPersistenceManager.swift */; };
/* End PBXBuildFile section */

/* Begin PBXFileReference section */
		9F116C6F2AC1825E0071ED86 /* SearchResultsController.swift */ = {isa = PBXFileReference; lastKnownFileType = sourcecode.swift; path = SearchResultsController.swift; sourceTree = "<group>"; };
		9F3784FE2AAB7270003C97CE /* Netflix App.app */ = {isa = PBXFileReference; explicitFileType = wrapper.application; includeInIndex = 0; path = "Netflix App.app"; sourceTree = BUILT_PRODUCTS_DIR; };
		9F3785012AAB7270003C97CE /* AppDelegate.swift */ = {isa = PBXFileReference; lastKnownFileType = sourcecode.swift; path = AppDelegate.swift; sourceTree = "<group>"; };
		9F3785032AAB7270003C97CE /* SceneDelegate.swift */ = {isa = PBXFileReference; lastKnownFileType = sourcecode.swift; path = SceneDelegate.swift; sourceTree = "<group>"; };
		9F3785052AAB7270003C97CE /* MainTabBarVC.swift */ = {isa = PBXFileReference; lastKnownFileType = sourcecode.swift; path = MainTabBarVC.swift; sourceTree = "<group>"; };
		9F37850A2AAB7279003C97CE /* Assets.xcassets */ = {isa = PBXFileReference; lastKnownFileType = folder.assetcatalog; path = Assets.xcassets; sourceTree = "<group>"; };
		9F37850D2AAB7279003C97CE /* Base */ = {isa = PBXFileReference; lastKnownFileType = file.storyboard; name = Base; path = Base.lproj/LaunchScreen.storyboard; sourceTree = "<group>"; };
		9F37850F2AAB7279003C97CE /* Info.plist */ = {isa = PBXFileReference; lastKnownFileType = text.plist.xml; path = Info.plist; sourceTree = "<group>"; };
		9F3785162AAB7389003C97CE /* HomeVC.swift */ = {isa = PBXFileReference; lastKnownFileType = sourcecode.swift; path = HomeVC.swift; sourceTree = "<group>"; };
		9F3785182AAB73A4003C97CE /* UpcomingVC.swift */ = {isa = PBXFileReference; lastKnownFileType = sourcecode.swift; path = UpcomingVC.swift; sourceTree = "<group>"; };
		9F37851A2AAB73C0003C97CE /* SearchVC.swift */ = {isa = PBXFileReference; lastKnownFileType = sourcecode.swift; path = SearchVC.swift; sourceTree = "<group>"; };
		9F37851C2AAB73D3003C97CE /* DownloadsVC.swift */ = {isa = PBXFileReference; lastKnownFileType = sourcecode.swift; path = DownloadsVC.swift; sourceTree = "<group>"; };
		9F3785232AB2A811003C97CE /* CollectionViewTableViewCell.swift */ = {isa = PBXFileReference; lastKnownFileType = sourcecode.swift; path = CollectionViewTableViewCell.swift; sourceTree = "<group>"; };
		9F3785252AB5AFD9003C97CE /* HeroHeaderUIView.swift */ = {isa = PBXFileReference; lastKnownFileType = sourcecode.swift; path = HeroHeaderUIView.swift; sourceTree = "<group>"; };
		9F3785272AB9FAC9003C97CE /* APICaller.swift */ = {isa = PBXFileReference; lastKnownFileType = sourcecode.swift; path = APICaller.swift; sourceTree = "<group>"; };
		9F3785292ABC89FD003C97CE /* Title.swift */ = {isa = PBXFileReference; lastKnownFileType = sourcecode.swift; path = Title.swift; sourceTree = "<group>"; };
		9F37852B2ABCB0DE003C97CE /* Extensions.swift */ = {isa = PBXFileReference; lastKnownFileType = sourcecode.swift; path = Extensions.swift; sourceTree = "<group>"; };
		9F37852F2ABD5BA9003C97CE /* TitleCollectionViewCell.swift */ = {isa = PBXFileReference; lastKnownFileType = sourcecode.swift; path = TitleCollectionViewCell.swift; sourceTree = "<group>"; };
		9F3785362AC01AD4003C97CE /* TitleTableViewCell.swift */ = {isa = PBXFileReference; lastKnownFileType = sourcecode.swift; path = TitleTableViewCell.swift; sourceTree = "<group>"; };
		9F3785382AC01EE9003C97CE /* TitleViewModel.swift */ = {isa = PBXFileReference; lastKnownFileType = sourcecode.swift; path = TitleViewModel.swift; sourceTree = "<group>"; };
		9F7047D82AC41FD000DE26CA /* YoutubeSearchResponse.swift */ = {isa = PBXFileReference; lastKnownFileType = sourcecode.swift; path = YoutubeSearchResponse.swift; sourceTree = "<group>"; };
		9F7047DC2AC4382B00DE26CA /* TitlePreviewVC.swift */ = {isa = PBXFileReference; lastKnownFileType = sourcecode.swift; path = TitlePreviewVC.swift; sourceTree = "<group>"; };
		9F7047DE2AC43D0B00DE26CA /* TitlePreviewViewModel.swift */ = {isa = PBXFileReference; lastKnownFileType = sourcecode.swift; path = TitlePreviewViewModel.swift; sourceTree = "<group>"; };
		9F83F5F12AC6D6F4006619D5 /* NetflixAppModel.xcdatamodel */ = {isa = PBXFileReference; lastKnownFileType = wrapper.xcdatamodel; path = NetflixAppModel.xcdatamodel; sourceTree = "<group>"; };
		9F83F5F32AC6DAF4006619D5 /* DataPersistenceManager.swift */ = {isa = PBXFileReference; lastKnownFileType = sourcecode.swift; path = DataPersistenceManager.swift; sourceTree = "<group>"; };
/* End PBXFileReference section */

/* Begin PBXFrameworksBuildPhase section */
		9F3784FB2AAB7270003C97CE /* Frameworks */ = {
			isa = PBXFrameworksBuildPhase;
			buildActionMask = 2147483647;
			files = (
				9F3785352ABD5D7C003C97CE /* SDWebImageMapKit in Frameworks */,
				9F3785332ABD5D7C003C97CE /* SDWebImage in Frameworks */,
			);
			runOnlyForDeploymentPostprocessing = 0;
		};
/* End PBXFrameworksBuildPhase section */

/* Begin PBXGroup section */
		9F3784F52AAB7270003C97CE = {
			isa = PBXGroup;
			children = (
				9F3785002AAB7270003C97CE /* Netflix App */,
				9F3784FF2AAB7270003C97CE /* Products */,
			);
			sourceTree = "<group>";
		};
		9F3784FF2AAB7270003C97CE /* Products */ = {
			isa = PBXGroup;
			children = (
				9F3784FE2AAB7270003C97CE /* Netflix App.app */,
			);
			name = Products;
			sourceTree = "<group>";
		};
		9F3785002AAB7270003C97CE /* Netflix App */ = {
			isa = PBXGroup;
			children = (
				9F3785222AB2A7D8003C97CE /* Resources */,
				9F3785212AB2A7D0003C97CE /* Managers */,
				9F37851E2AB2A7A4003C97CE /* Models */,
				9F37851F2AB2A7B0003C97CE /* Views */,
				9F3785202AB2A7C5003C97CE /* ViewModels */,
				9F3785152AAB735B003C97CE /* ViewControllers */,
				9F3785012AAB7270003C97CE /* AppDelegate.swift */,
				9F3785032AAB7270003C97CE /* SceneDelegate.swift */,
				9F3785052AAB7270003C97CE /* MainTabBarVC.swift */,
				9F37850A2AAB7279003C97CE /* Assets.xcassets */,
				9F37850C2AAB7279003C97CE /* LaunchScreen.storyboard */,
				9F37850F2AAB7279003C97CE /* Info.plist */,
				9F83F5F02AC6D6F4006619D5 /* NetflixAppModel.xcdatamodeld */,
			);
			path = "Netflix App";
			sourceTree = "<group>";
		};
		9F3785152AAB735B003C97CE /* ViewControllers */ = {
			isa = PBXGroup;
			children = (
				9F7047DA2AC437E900DE26CA /* Core */,
				9F7047DB2AC4380600DE26CA /* General */,
			);
			name = ViewControllers;
			sourceTree = "<group>";
		};
		9F37851E2AB2A7A4003C97CE /* Models */ = {
			isa = PBXGroup;
			children = (
				9F3785292ABC89FD003C97CE /* Title.swift */,
				9F7047D82AC41FD000DE26CA /* YoutubeSearchResponse.swift */,
			);
			name = Models;
			sourceTree = "<group>";
		};
		9F37851F2AB2A7B0003C97CE /* Views */ = {
			isa = PBXGroup;
			children = (
				9F3785232AB2A811003C97CE /* CollectionViewTableViewCell.swift */,
				9F3785252AB5AFD9003C97CE /* HeroHeaderUIView.swift */,
				9F37852F2ABD5BA9003C97CE /* TitleCollectionViewCell.swift */,
				9F3785362AC01AD4003C97CE /* TitleTableViewCell.swift */,
			);
			name = Views;
			sourceTree = "<group>";
		};
		9F3785202AB2A7C5003C97CE /* ViewModels */ = {
			isa = PBXGroup;
			children = (
				9F3785382AC01EE9003C97CE /* TitleViewModel.swift */,
				9F7047DE2AC43D0B00DE26CA /* TitlePreviewViewModel.swift */,
			);
			name = ViewModels;
			sourceTree = "<group>";
		};
		9F3785212AB2A7D0003C97CE /* Managers */ = {
			isa = PBXGroup;
			children = (
				9F3785272AB9FAC9003C97CE /* APICaller.swift */,
				9F83F5F32AC6DAF4006619D5 /* DataPersistenceManager.swift */,
			);
			name = Managers;
			sourceTree = "<group>";
		};
		9F3785222AB2A7D8003C97CE /* Resources */ = {
			isa = PBXGroup;
			children = (
				9F37852B2ABCB0DE003C97CE /* Extensions.swift */,
			);
			name = Resources;
			sourceTree = "<group>";
		};
		9F7047DA2AC437E900DE26CA /* Core */ = {
			isa = PBXGroup;
			children = (
				9F3785162AAB7389003C97CE /* HomeVC.swift */,
				9F3785182AAB73A4003C97CE /* UpcomingVC.swift */,
				9F37851A2AAB73C0003C97CE /* SearchVC.swift */,
				9F37851C2AAB73D3003C97CE /* DownloadsVC.swift */,
			);
			path = Core;
			sourceTree = "<group>";
		};
		9F7047DB2AC4380600DE26CA /* General */ = {
			isa = PBXGroup;
			children = (
				9F116C6F2AC1825E0071ED86 /* SearchResultsController.swift */,
				9F7047DC2AC4382B00DE26CA /* TitlePreviewVC.swift */,
			);
			path = General;
			sourceTree = "<group>";
		};
/* End PBXGroup section */

/* Begin PBXNativeTarget section */
		9F3784FD2AAB7270003C97CE /* Netflix App */ = {
			isa = PBXNativeTarget;
			buildConfigurationList = 9F3785122AAB7279003C97CE /* Build configuration list for PBXNativeTarget "Netflix App" */;
			buildPhases = (
				9F3784FA2AAB7270003C97CE /* Sources */,
				9F3784FB2AAB7270003C97CE /* Frameworks */,
				9F3784FC2AAB7270003C97CE /* Resources */,
			);
			buildRules = (
			);
			dependencies = (
			);
			name = "Netflix App";
			packageProductDependencies = (
				9F3785322ABD5D7C003C97CE /* SDWebImage */,
				9F3785342ABD5D7C003C97CE /* SDWebImageMapKit */,
			);
			productName = "Netflix App";
			productReference = 9F3784FE2AAB7270003C97CE /* Netflix App.app */;
			productType = "com.apple.product-type.application";
		};
/* End PBXNativeTarget section */

/* Begin PBXProject section */
		9F3784F62AAB7270003C97CE /* Project object */ = {
			isa = PBXProject;
			attributes = {
				BuildIndependentTargetsInParallel = 1;
				LastSwiftUpdateCheck = 1410;
				LastUpgradeCheck = 1410;
				TargetAttributes = {
					9F3784FD2AAB7270003C97CE = {
						CreatedOnToolsVersion = 14.1;
					};
				};
			};
			buildConfigurationList = 9F3784F92AAB7270003C97CE /* Build configuration list for PBXProject "Netflix App" */;
			compatibilityVersion = "Xcode 14.0";
			developmentRegion = en;
			hasScannedForEncodings = 0;
			knownRegions = (
				en,
				Base,
			);
			mainGroup = 9F3784F52AAB7270003C97CE;
			packageReferences = (
				9F3785312ABD5D7C003C97CE /* XCRemoteSwiftPackageReference "SDWebImage" */,
			);
			productRefGroup = 9F3784FF2AAB7270003C97CE /* Products */;
			projectDirPath = "";
			projectRoot = "";
			targets = (
				9F3784FD2AAB7270003C97CE /* Netflix App */,
			);
		};
/* End PBXProject section */

/* Begin PBXResourcesBuildPhase section */
		9F3784FC2AAB7270003C97CE /* Resources */ = {
			isa = PBXResourcesBuildPhase;
			buildActionMask = 2147483647;
			files = (
				9F37850E2AAB7279003C97CE /* LaunchScreen.storyboard in Resources */,
				9F37850B2AAB7279003C97CE /* Assets.xcassets in Resources */,
			);
			runOnlyForDeploymentPostprocessing = 0;
		};
/* End PBXResourcesBuildPhase section */

/* Begin PBXSourcesBuildPhase section */
		9F3784FA2AAB7270003C97CE /* Sources */ = {
			isa = PBXSourcesBuildPhase;
			buildActionMask = 2147483647;
			files = (
				9F3785372AC01AD4003C97CE /* TitleTableViewCell.swift in Sources */,
				9F37851B2AAB73C0003C97CE /* SearchVC.swift in Sources */,
				9F3785302ABD5BA9003C97CE /* TitleCollectionViewCell.swift in Sources */,
				9F83F5F42AC6DAF4006619D5 /* DataPersistenceManager.swift in Sources */,
				9F3785172AAB7389003C97CE /* HomeVC.swift in Sources */,
				9F83F5F22AC6D6F4006619D5 /* NetflixAppModel.xcdatamodeld in Sources */,
				9F116C702AC1825E0071ED86 /* SearchResultsController.swift in Sources */,
				9F3785242AB2A811003C97CE /* CollectionViewTableViewCell.swift in Sources */,
				9F3785282AB9FAC9003C97CE /* APICaller.swift in Sources */,
				9F3785262AB5AFD9003C97CE /* HeroHeaderUIView.swift in Sources */,
				9F3785062AAB7270003C97CE /* MainTabBarVC.swift in Sources */,
				9F3785022AAB7270003C97CE /* AppDelegate.swift in Sources */,
				9F37852C2ABCB0DE003C97CE /* Extensions.swift in Sources */,
				9F7047D92AC41FD000DE26CA /* YoutubeSearchResponse.swift in Sources */,
				9F7047DD2AC4382B00DE26CA /* TitlePreviewVC.swift in Sources */,
				9F7047DF2AC43D0B00DE26CA /* TitlePreviewViewModel.swift in Sources */,
				9F37851D2AAB73D3003C97CE /* DownloadsVC.swift in Sources */,
				9F3785192AAB73A4003C97CE /* UpcomingVC.swift in Sources */,
				9F37852A2ABC89FD003C97CE /* Title.swift in Sources */,
				9F3785042AAB7270003C97CE /* SceneDelegate.swift in Sources */,
				9F3785392AC01EE9003C97CE /* TitleViewModel.swift in Sources */,
			);
			runOnlyForDeploymentPostprocessing = 0;
		};
/* End PBXSourcesBuildPhase section */

/* Begin PBXVariantGroup section */
		9F37850C2AAB7279003C97CE /* LaunchScreen.storyboard */ = {
			isa = PBXVariantGroup;
			children = (
				9F37850D2AAB7279003C97CE /* Base */,
			);
			name = LaunchScreen.storyboard;
			sourceTree = "<group>";
		};
/* End PBXVariantGroup section */

/* Begin XCBuildConfiguration section */
		9F3785102AAB7279003C97CE /* Debug */ = {
			isa = XCBuildConfiguration;
			buildSettings = {
				ALWAYS_SEARCH_USER_PATHS = NO;
				CLANG_ANALYZER_NONNULL = YES;
				CLANG_ANALYZER_NUMBER_OBJECT_CONVERSION = YES_AGGRESSIVE;
				CLANG_CXX_LANGUAGE_STANDARD = "gnu++20";
				CLANG_ENABLE_MODULES = YES;
				CLANG_ENABLE_OBJC_ARC = YES;
				CLANG_ENABLE_OBJC_WEAK = YES;
				CLANG_WARN_BLOCK_CAPTURE_AUTORELEASING = YES;
				CLANG_WARN_BOOL_CONVERSION = YES;
				CLANG_WARN_COMMA = YES;
				CLANG_WARN_CONSTANT_CONVERSION = YES;
				CLANG_WARN_DEPRECATED_OBJC_IMPLEMENTATIONS = YES;
				CLANG_WARN_DIRECT_OBJC_ISA_USAGE = YES_ERROR;
				CLANG_WARN_DOCUMENTATION_COMMENTS = YES;
				CLANG_WARN_EMPTY_BODY = YES;
				CLANG_WARN_ENUM_CONVERSION = YES;
				CLANG_WARN_INFINITE_RECURSION = YES;
				CLANG_WARN_INT_CONVERSION = YES;
				CLANG_WARN_NON_LITERAL_NULL_CONVERSION = YES;
				CLANG_WARN_OBJC_IMPLICIT_RETAIN_SELF = YES;
				CLANG_WARN_OBJC_LITERAL_CONVERSION = YES;
				CLANG_WARN_OBJC_ROOT_CLASS = YES_ERROR;
				CLANG_WARN_QUOTED_INCLUDE_IN_FRAMEWORK_HEADER = YES;
				CLANG_WARN_RANGE_LOOP_ANALYSIS = YES;
				CLANG_WARN_STRICT_PROTOTYPES = YES;
				CLANG_WARN_SUSPICIOUS_MOVE = YES;
				CLANG_WARN_UNGUARDED_AVAILABILITY = YES_AGGRESSIVE;
				CLANG_WARN_UNREACHABLE_CODE = YES;
				CLANG_WARN__DUPLICATE_METHOD_MATCH = YES;
				COPY_PHASE_STRIP = NO;
				DEBUG_INFORMATION_FORMAT = dwarf;
				ENABLE_STRICT_OBJC_MSGSEND = YES;
				ENABLE_TESTABILITY = YES;
				GCC_C_LANGUAGE_STANDARD = gnu11;
				GCC_DYNAMIC_NO_PIC = NO;
				GCC_NO_COMMON_BLOCKS = YES;
				GCC_OPTIMIZATION_LEVEL = 0;
				GCC_PREPROCESSOR_DEFINITIONS = (
					"DEBUG=1",
					"$(inherited)",
				);
				GCC_WARN_64_TO_32_BIT_CONVERSION = YES;
				GCC_WARN_ABOUT_RETURN_TYPE = YES_ERROR;
				GCC_WARN_UNDECLARED_SELECTOR = YES;
				GCC_WARN_UNINITIALIZED_AUTOS = YES_AGGRESSIVE;
				GCC_WARN_UNUSED_FUNCTION = YES;
				GCC_WARN_UNUSED_VARIABLE = YES;
				IPHONEOS_DEPLOYMENT_TARGET = 16.1;
				MTL_ENABLE_DEBUG_INFO = INCLUDE_SOURCE;
				MTL_FAST_MATH = YES;
				ONLY_ACTIVE_ARCH = YES;
				SDKROOT = iphoneos;
				SWIFT_ACTIVE_COMPILATION_CONDITIONS = DEBUG;
				SWIFT_OPTIMIZATION_LEVEL = "-Onone";
			};
			name = Debug;
		};
		9F3785112AAB7279003C97CE /* Release */ = {
			isa = XCBuildConfiguration;
			buildSettings = {
				ALWAYS_SEARCH_USER_PATHS = NO;
				CLANG_ANALYZER_NONNULL = YES;
				CLANG_ANALYZER_NUMBER_OBJECT_CONVERSION = YES_AGGRESSIVE;
				CLANG_CXX_LANGUAGE_STANDARD = "gnu++20";
				CLANG_ENABLE_MODULES = YES;
				CLANG_ENABLE_OBJC_ARC = YES;
				CLANG_ENABLE_OBJC_WEAK = YES;
				CLANG_WARN_BLOCK_CAPTURE_AUTORELEASING = YES;
				CLANG_WARN_BOOL_CONVERSION = YES;
				CLANG_WARN_COMMA = YES;
				CLANG_WARN_CONSTANT_CONVERSION = YES;
				CLANG_WARN_DEPRECATED_OBJC_IMPLEMENTATIONS = YES;
				CLANG_WARN_DIRECT_OBJC_ISA_USAGE = YES_ERROR;
				CLANG_WARN_DOCUMENTATION_COMMENTS = YES;
				CLANG_WARN_EMPTY_BODY = YES;
				CLANG_WARN_ENUM_CONVERSION = YES;
				CLANG_WARN_INFINITE_RECURSION = YES;
				CLANG_WARN_INT_CONVERSION = YES;
				CLANG_WARN_NON_LITERAL_NULL_CONVERSION = YES;
				CLANG_WARN_OBJC_IMPLICIT_RETAIN_SELF = YES;
				CLANG_WARN_OBJC_LITERAL_CONVERSION = YES;
				CLANG_WARN_OBJC_ROOT_CLASS = YES_ERROR;
				CLANG_WARN_QUOTED_INCLUDE_IN_FRAMEWORK_HEADER = YES;
				CLANG_WARN_RANGE_LOOP_ANALYSIS = YES;
				CLANG_WARN_STRICT_PROTOTYPES = YES;
				CLANG_WARN_SUSPICIOUS_MOVE = YES;
				CLANG_WARN_UNGUARDED_AVAILABILITY = YES_AGGRESSIVE;
				CLANG_WARN_UNREACHABLE_CODE = YES;
				CLANG_WARN__DUPLICATE_METHOD_MATCH = YES;
				COPY_PHASE_STRIP = NO;
				DEBUG_INFORMATION_FORMAT = "dwarf-with-dsym";
				ENABLE_NS_ASSERTIONS = NO;
				ENABLE_STRICT_OBJC_MSGSEND = YES;
				GCC_C_LANGUAGE_STANDARD = gnu11;
				GCC_NO_COMMON_BLOCKS = YES;
				GCC_WARN_64_TO_32_BIT_CONVERSION = YES;
				GCC_WARN_ABOUT_RETURN_TYPE = YES_ERROR;
				GCC_WARN_UNDECLARED_SELECTOR = YES;
				GCC_WARN_UNINITIALIZED_AUTOS = YES_AGGRESSIVE;
				GCC_WARN_UNUSED_FUNCTION = YES;
				GCC_WARN_UNUSED_VARIABLE = YES;
				IPHONEOS_DEPLOYMENT_TARGET = 16.1;
				MTL_ENABLE_DEBUG_INFO = NO;
				MTL_FAST_MATH = YES;
				SDKROOT = iphoneos;
				SWIFT_COMPILATION_MODE = wholemodule;
				SWIFT_OPTIMIZATION_LEVEL = "-O";
				VALIDATE_PRODUCT = YES;
			};
			name = Release;
		};
		9F3785132AAB7279003C97CE /* Debug */ = {
			isa = XCBuildConfiguration;
			buildSettings = {
				ASSETCATALOG_COMPILER_APPICON_NAME = AppIcon;
				ASSETCATALOG_COMPILER_GLOBAL_ACCENT_COLOR_NAME = AccentColor;
				CODE_SIGN_STYLE = Automatic;
				CURRENT_PROJECT_VERSION = 1;
				DEVELOPMENT_TEAM = 6AZ6TUHC7X;
				GENERATE_INFOPLIST_FILE = YES;
				INFOPLIST_FILE = "Netflix App/Info.plist";
				INFOPLIST_KEY_UIApplicationSupportsIndirectInputEvents = YES;
				INFOPLIST_KEY_UILaunchStoryboardName = LaunchScreen;
				INFOPLIST_KEY_UISupportedInterfaceOrientations_iPad = "UIInterfaceOrientationPortrait UIInterfaceOrientationPortraitUpsideDown UIInterfaceOrientationLandscapeLeft UIInterfaceOrientationLandscapeRight";
				INFOPLIST_KEY_UISupportedInterfaceOrientations_iPhone = "UIInterfaceOrientationPortrait UIInterfaceOrientationLandscapeLeft UIInterfaceOrientationLandscapeRight";
				IPHONEOS_DEPLOYMENT_TARGET = 16.0;
				LD_RUNPATH_SEARCH_PATHS = (
					"$(inherited)",
					"@executable_path/Frameworks",
				);
				MARKETING_VERSION = 1.0;
				PRODUCT_BUNDLE_IDENTIFIER = "kz.iosdeveloper.Netflix-App";
				PRODUCT_NAME = "$(TARGET_NAME)";
				SWIFT_EMIT_LOC_STRINGS = YES;
				SWIFT_VERSION = 5.0;
				TARGETED_DEVICE_FAMILY = "1,2";
			};
			name = Debug;
		};
		9F3785142AAB7279003C97CE /* Release */ = {
			isa = XCBuildConfiguration;
			buildSettings = {
				ASSETCATALOG_COMPILER_APPICON_NAME = AppIcon;
				ASSETCATALOG_COMPILER_GLOBAL_ACCENT_COLOR_NAME = AccentColor;
				CODE_SIGN_STYLE = Automatic;
				CURRENT_PROJECT_VERSION = 1;
				DEVELOPMENT_TEAM = 6AZ6TUHC7X;
				GENERATE_INFOPLIST_FILE = YES;
				INFOPLIST_FILE = "Netflix App/Info.plist";
				INFOPLIST_KEY_UIApplicationSupportsIndirectInputEvents = YES;
				INFOPLIST_KEY_UILaunchStoryboardName = LaunchScreen;
				INFOPLIST_KEY_UISupportedInterfaceOrientations_iPad = "UIInterfaceOrientationPortrait UIInterfaceOrientationPortraitUpsideDown UIInterfaceOrientationLandscapeLeft UIInterfaceOrientationLandscapeRight";
				INFOPLIST_KEY_UISupportedInterfaceOrientations_iPhone = "UIInterfaceOrientationPortrait UIInterfaceOrientationLandscapeLeft UIInterfaceOrientationLandscapeRight";
				IPHONEOS_DEPLOYMENT_TARGET = 16.0;
				LD_RUNPATH_SEARCH_PATHS = (
					"$(inherited)",
					"@executable_path/Frameworks",
				);
				MARKETING_VERSION = 1.0;
				PRODUCT_BUNDLE_IDENTIFIER = "kz.iosdeveloper.Netflix-App";
				PRODUCT_NAME = "$(TARGET_NAME)";
				SWIFT_EMIT_LOC_STRINGS = YES;
				SWIFT_VERSION = 5.0;
				TARGETED_DEVICE_FAMILY = "1,2";
			};
			name = Release;
		};
/* End XCBuildConfiguration section */

/* Begin XCConfigurationList section */
		9F3784F92AAB7270003C97CE /* Build configuration list for PBXProject "Netflix App" */ = {
			isa = XCConfigurationList;
			buildConfigurations = (
				9F3785102AAB7279003C97CE /* Debug */,
				9F3785112AAB7279003C97CE /* Release */,
			);
			defaultConfigurationIsVisible = 0;
			defaultConfigurationName = Release;
		};
		9F3785122AAB7279003C97CE /* Build configuration list for PBXNativeTarget "Netflix App" */ = {
			isa = XCConfigurationList;
			buildConfigurations = (
				9F3785132AAB7279003C97CE /* Debug */,
				9F3785142AAB7279003C97CE /* Release */,
			);
			defaultConfigurationIsVisible = 0;
			defaultConfigurationName = Release;
		};
/* End XCConfigurationList section */

/* Begin XCRemoteSwiftPackageReference section */
		9F3785312ABD5D7C003C97CE /* XCRemoteSwiftPackageReference "SDWebImage" */ = {
			isa = XCRemoteSwiftPackageReference;
			repositoryURL = "https://github.com/SDWebImage/SDWebImage.git";
			requirement = {
				kind = upToNextMajorVersion;
				minimumVersion = 5.0.0;
			};
		};
/* End XCRemoteSwiftPackageReference section */

/* Begin XCSwiftPackageProductDependency section */
		9F3785322ABD5D7C003C97CE /* SDWebImage */ = {
			isa = XCSwiftPackageProductDependency;
			package = 9F3785312ABD5D7C003C97CE /* XCRemoteSwiftPackageReference "SDWebImage" */;
			productName = SDWebImage;
		};
		9F3785342ABD5D7C003C97CE /* SDWebImageMapKit */ = {
			isa = XCSwiftPackageProductDependency;
			package = 9F3785312ABD5D7C003C97CE /* XCRemoteSwiftPackageReference "SDWebImage" */;
			productName = SDWebImageMapKit;
		};
/* End XCSwiftPackageProductDependency section */

/* Begin XCVersionGroup section */
		9F83F5F02AC6D6F4006619D5 /* NetflixAppModel.xcdatamodeld */ = {
			isa = XCVersionGroup;
			children = (
				9F83F5F12AC6D6F4006619D5 /* NetflixAppModel.xcdatamodel */,
			);
			currentVersion = 9F83F5F12AC6D6F4006619D5 /* NetflixAppModel.xcdatamodel */;
			path = NetflixAppModel.xcdatamodeld;
			sourceTree = "<group>";
			versionGroupType = wrapper.xcdatamodel;
		};
/* End XCVersionGroup section */
	};
	rootObject = 9F3784F62AAB7270003C97CE /* Project object */;
}
